// !$*UTF8*$!
{
	archiveVersion = 1;
	classes = {
	};
	objectVersion = 55;
	objects = {

/* Begin PBXBuildFile section */
		FE7C443427AB55BE00AA33AC /* AppDelegate.swift in Sources */ = {isa = PBXBuildFile; fileRef = FE7C443327AB55BE00AA33AC /* AppDelegate.swift */; };
		FE7C443627AB55BE00AA33AC /* SceneDelegate.swift in Sources */ = {isa = PBXBuildFile; fileRef = FE7C443527AB55BE00AA33AC /* SceneDelegate.swift */; };
		FE7C443B27AB55BE00AA33AC /* Main.storyboard in Resources */ = {isa = PBXBuildFile; fileRef = FE7C443927AB55BE00AA33AC /* Main.storyboard */; };
		FE7C443D27AB55BF00AA33AC /* Assets.xcassets in Resources */ = {isa = PBXBuildFile; fileRef = FE7C443C27AB55BF00AA33AC /* Assets.xcassets */; };
		FE7C444027AB55BF00AA33AC /* LaunchScreen.storyboard in Resources */ = {isa = PBXBuildFile; fileRef = FE7C443E27AB55BF00AA33AC /* LaunchScreen.storyboard */; };
		FE7C445227AB5ABB00AA33AC /* Private.swift in Sources */ = {isa = PBXBuildFile; fileRef = FE7C445127AB5ABB00AA33AC /* Private.swift */; };
		FE7C445427AB5AEC00AA33AC /* K.swift in Sources */ = {isa = PBXBuildFile; fileRef = FE7C445327AB5AEC00AA33AC /* K.swift */; };
		FE7C445627AB5BB300AA33AC /* BoxOfficeCell.xib in Resources */ = {isa = PBXBuildFile; fileRef = FE7C445527AB5BB300AA33AC /* BoxOfficeCell.xib */; };
		FE7C445827AB5BBB00AA33AC /* BoxOfficeCell.swift in Sources */ = {isa = PBXBuildFile; fileRef = FE7C445727AB5BBB00AA33AC /* BoxOfficeCell.swift */; };
		FE7C445B27AB5CFB00AA33AC /* BoxOfficeListModel.swift in Sources */ = {isa = PBXBuildFile; fileRef = FE7C445A27AB5CFB00AA33AC /* BoxOfficeListModel.swift */; };
		FE7C445E27AB5EBB00AA33AC /* AlertService.swift in Sources */ = {isa = PBXBuildFile; fileRef = FE7C445D27AB5EBB00AA33AC /* AlertService.swift */; };
		FE7C446227AB623400AA33AC /* DailyBoxOfficeModel.swift in Sources */ = {isa = PBXBuildFile; fileRef = FE7C446127AB623400AA33AC /* DailyBoxOfficeModel.swift */; };
		FE7C446427AB623900AA33AC /* WeeklyBoxOfficeModel.swift in Sources */ = {isa = PBXBuildFile; fileRef = FE7C446327AB623900AA33AC /* WeeklyBoxOfficeModel.swift */; };
		FE7C446627AB623F00AA33AC /* MovieInformationModel.swift in Sources */ = {isa = PBXBuildFile; fileRef = FE7C446527AB623F00AA33AC /* MovieInformationModel.swift */; };
		FEA8868C27AB9D3600A0320B /* Repository.swift in Sources */ = {isa = PBXBuildFile; fileRef = FEA8868B27AB9D3600A0320B /* Repository.swift */; };
		FEA8868E27ABA21200A0320B /* Extensions.swift in Sources */ = {isa = PBXBuildFile; fileRef = FEA8868D27ABA21200A0320B /* Extensions.swift */; };
		FEA8869027ABBBC600A0320B /* MovieInfoListModel.swift in Sources */ = {isa = PBXBuildFile; fileRef = FEA8868F27ABBBC600A0320B /* MovieInfoListModel.swift */; };
		FEA886A127ADE98D00A0320B /* ModalPresentationController.swift in Sources */ = {isa = PBXBuildFile; fileRef = FEA886A027ADE98D00A0320B /* ModalPresentationController.swift */; };
		FEA886A327ADE9A400A0320B /* OptionTableViewController.swift in Sources */ = {isa = PBXBuildFile; fileRef = FEA886A227ADE9A400A0320B /* OptionTableViewController.swift */; };
		FEA886A527ADEA3400A0320B /* BoxOfficeViewModel.swift in Sources */ = {isa = PBXBuildFile; fileRef = FEA886A427ADEA3400A0320B /* BoxOfficeViewModel.swift */; };
		FEA886A727ADEA7A00A0320B /* Service.swift in Sources */ = {isa = PBXBuildFile; fileRef = FEA886A627ADEA7A00A0320B /* Service.swift */; };
		FEA886A927ADEC0000A0320B /* BoxOfficeViewController.swift in Sources */ = {isa = PBXBuildFile; fileRef = FEA886A827ADEC0000A0320B /* BoxOfficeViewController.swift */; };
		FEA886AB27ADFE2000A0320B /* SearchMovieViewController.swift in Sources */ = {isa = PBXBuildFile; fileRef = FEA886AA27ADFE2000A0320B /* SearchMovieViewController.swift */; };
		FEA886AD27ADFEE400A0320B /* SearchMovieCell.swift in Sources */ = {isa = PBXBuildFile; fileRef = FEA886AC27ADFEE400A0320B /* SearchMovieCell.swift */; };
		FEA886AF27ADFEF300A0320B /* MovieInfoCell.xib in Resources */ = {isa = PBXBuildFile; fileRef = FEA886AE27ADFEF300A0320B /* MovieInfoCell.xib */; };
		FEA886B127AE005400A0320B /* SearchMovieViewModel.swift in Sources */ = {isa = PBXBuildFile; fileRef = FEA886B027AE005400A0320B /* SearchMovieViewModel.swift */; };
/* End PBXBuildFile section */

/* Begin PBXFileReference section */
		FE7C443027AB55BE00AA33AC /* MovieRanking.app */ = {isa = PBXFileReference; explicitFileType = wrapper.application; includeInIndex = 0; path = MovieRanking.app; sourceTree = BUILT_PRODUCTS_DIR; };
		FE7C443327AB55BE00AA33AC /* AppDelegate.swift */ = {isa = PBXFileReference; lastKnownFileType = sourcecode.swift; path = AppDelegate.swift; sourceTree = "<group>"; };
		FE7C443527AB55BE00AA33AC /* SceneDelegate.swift */ = {isa = PBXFileReference; lastKnownFileType = sourcecode.swift; path = SceneDelegate.swift; sourceTree = "<group>"; };
		FE7C443A27AB55BE00AA33AC /* Base */ = {isa = PBXFileReference; lastKnownFileType = file.storyboard; name = Base; path = Base.lproj/Main.storyboard; sourceTree = "<group>"; };
		FE7C443C27AB55BF00AA33AC /* Assets.xcassets */ = {isa = PBXFileReference; lastKnownFileType = folder.assetcatalog; path = Assets.xcassets; sourceTree = "<group>"; };
		FE7C443F27AB55BF00AA33AC /* Base */ = {isa = PBXFileReference; lastKnownFileType = file.storyboard; name = Base; path = Base.lproj/LaunchScreen.storyboard; sourceTree = "<group>"; };
		FE7C444127AB55BF00AA33AC /* Info.plist */ = {isa = PBXFileReference; lastKnownFileType = text.plist.xml; path = Info.plist; sourceTree = "<group>"; };
		FE7C445127AB5ABB00AA33AC /* Private.swift */ = {isa = PBXFileReference; fileEncoding = 4; lastKnownFileType = sourcecode.swift; path = Private.swift; sourceTree = "<group>"; };
		FE7C445327AB5AEC00AA33AC /* K.swift */ = {isa = PBXFileReference; fileEncoding = 4; lastKnownFileType = sourcecode.swift; path = K.swift; sourceTree = "<group>"; };
		FE7C445527AB5BB300AA33AC /* BoxOfficeCell.xib */ = {isa = PBXFileReference; fileEncoding = 4; lastKnownFileType = file.xib; path = BoxOfficeCell.xib; sourceTree = "<group>"; };
		FE7C445727AB5BBB00AA33AC /* BoxOfficeCell.swift */ = {isa = PBXFileReference; fileEncoding = 4; lastKnownFileType = sourcecode.swift; path = BoxOfficeCell.swift; sourceTree = "<group>"; };
		FE7C445A27AB5CFB00AA33AC /* BoxOfficeListModel.swift */ = {isa = PBXFileReference; lastKnownFileType = sourcecode.swift; path = BoxOfficeListModel.swift; sourceTree = "<group>"; };
		FE7C445D27AB5EBB00AA33AC /* AlertService.swift */ = {isa = PBXFileReference; fileEncoding = 4; lastKnownFileType = sourcecode.swift; path = AlertService.swift; sourceTree = "<group>"; };
		FE7C446127AB623400AA33AC /* DailyBoxOfficeModel.swift */ = {isa = PBXFileReference; fileEncoding = 4; lastKnownFileType = sourcecode.swift; path = DailyBoxOfficeModel.swift; sourceTree = "<group>"; };
		FE7C446327AB623900AA33AC /* WeeklyBoxOfficeModel.swift */ = {isa = PBXFileReference; fileEncoding = 4; lastKnownFileType = sourcecode.swift; path = WeeklyBoxOfficeModel.swift; sourceTree = "<group>"; };
		FE7C446527AB623F00AA33AC /* MovieInformationModel.swift */ = {isa = PBXFileReference; fileEncoding = 4; lastKnownFileType = sourcecode.swift; path = MovieInformationModel.swift; sourceTree = "<group>"; };
		FEA8868B27AB9D3600A0320B /* Repository.swift */ = {isa = PBXFileReference; lastKnownFileType = sourcecode.swift; path = Repository.swift; sourceTree = "<group>"; };
		FEA8868D27ABA21200A0320B /* Extensions.swift */ = {isa = PBXFileReference; lastKnownFileType = sourcecode.swift; path = Extensions.swift; sourceTree = "<group>"; };
		FEA8868F27ABBBC600A0320B /* MovieInfoListModel.swift */ = {isa = PBXFileReference; fileEncoding = 4; lastKnownFileType = sourcecode.swift; path = MovieInfoListModel.swift; sourceTree = "<group>"; };
		FEA886A027ADE98D00A0320B /* ModalPresentationController.swift */ = {isa = PBXFileReference; fileEncoding = 4; lastKnownFileType = sourcecode.swift; path = ModalPresentationController.swift; sourceTree = "<group>"; };
		FEA886A227ADE9A400A0320B /* OptionTableViewController.swift */ = {isa = PBXFileReference; fileEncoding = 4; lastKnownFileType = sourcecode.swift; path = OptionTableViewController.swift; sourceTree = "<group>"; };
		FEA886A427ADEA3400A0320B /* BoxOfficeViewModel.swift */ = {isa = PBXFileReference; fileEncoding = 4; lastKnownFileType = sourcecode.swift; path = BoxOfficeViewModel.swift; sourceTree = "<group>"; };
		FEA886A627ADEA7A00A0320B /* Service.swift */ = {isa = PBXFileReference; fileEncoding = 4; lastKnownFileType = sourcecode.swift; path = Service.swift; sourceTree = "<group>"; };
		FEA886A827ADEC0000A0320B /* BoxOfficeViewController.swift */ = {isa = PBXFileReference; fileEncoding = 4; lastKnownFileType = sourcecode.swift; path = BoxOfficeViewController.swift; sourceTree = "<group>"; };
		FEA886AA27ADFE2000A0320B /* SearchMovieViewController.swift */ = {isa = PBXFileReference; fileEncoding = 4; lastKnownFileType = sourcecode.swift; path = SearchMovieViewController.swift; sourceTree = "<group>"; };
		FEA886AC27ADFEE400A0320B /* SearchMovieCell.swift */ = {isa = PBXFileReference; fileEncoding = 4; lastKnownFileType = sourcecode.swift; path = SearchMovieCell.swift; sourceTree = "<group>"; };
		FEA886AE27ADFEF300A0320B /* MovieInfoCell.xib */ = {isa = PBXFileReference; fileEncoding = 4; lastKnownFileType = file.xib; path = MovieInfoCell.xib; sourceTree = "<group>"; };
		FEA886B027AE005400A0320B /* SearchMovieViewModel.swift */ = {isa = PBXFileReference; lastKnownFileType = sourcecode.swift; path = SearchMovieViewModel.swift; sourceTree = "<group>"; };
/* End PBXFileReference section */

/* Begin PBXFrameworksBuildPhase section */
		FE7C442D27AB55BE00AA33AC /* Frameworks */ = {
			isa = PBXFrameworksBuildPhase;
			buildActionMask = 2147483647;
			files = (
			);
			runOnlyForDeploymentPostprocessing = 0;
		};
/* End PBXFrameworksBuildPhase section */

/* Begin PBXGroup section */
		FE7C442727AB55BE00AA33AC = {
			isa = PBXGroup;
			children = (
				FE7C443227AB55BE00AA33AC /* MovieRanking */,
				FE7C443127AB55BE00AA33AC /* Products */,
			);
			sourceTree = "<group>";
		};
		FE7C443127AB55BE00AA33AC /* Products */ = {
			isa = PBXGroup;
			children = (
				FE7C443027AB55BE00AA33AC /* MovieRanking.app */,
			);
			name = Products;
			sourceTree = "<group>";
		};
		FE7C443227AB55BE00AA33AC /* MovieRanking */ = {
			isa = PBXGroup;
			children = (
				FE7C444127AB55BF00AA33AC /* Info.plist */,
				FE7C445127AB5ABB00AA33AC /* Private.swift */,
				FE7C444E27AB59FD00AA33AC /* App */,
				FE7C444927AB58CB00AA33AC /* Model */,
				FE7C444A27AB58F500AA33AC /* Repository */,
				FE7C444B27AB590C00AA33AC /* Domain */,
				FE7C444C27AB591E00AA33AC /* Service */,
				FE7C445927AB5C3A00AA33AC /* ViewModel */,
				FE7C444827AB588700AA33AC /* ViewController */,
				FE7C444D27AB59A100AA33AC /* ViewCell */,
				FEA8869F27ADE97300A0320B /* CustomView */,
				FE7C445C27AB5E9000AA33AC /* Utils */,
			);
			path = MovieRanking;
			sourceTree = "<group>";
		};
		FE7C444827AB588700AA33AC /* ViewController */ = {
			isa = PBXGroup;
			children = (
				FE7C443927AB55BE00AA33AC /* Main.storyboard */,
				FEA886A827ADEC0000A0320B /* BoxOfficeViewController.swift */,
				FEA886A227ADE9A400A0320B /* OptionTableViewController.swift */,
				FEA886AA27ADFE2000A0320B /* SearchMovieViewController.swift */,
			);
			path = ViewController;
			sourceTree = "<group>";
		};
		FE7C444927AB58CB00AA33AC /* Model */ = {
			isa = PBXGroup;
			children = (
				FE7C445327AB5AEC00AA33AC /* K.swift */,
				FE7C446127AB623400AA33AC /* DailyBoxOfficeModel.swift */,
				FE7C446327AB623900AA33AC /* WeeklyBoxOfficeModel.swift */,
				FE7C446527AB623F00AA33AC /* MovieInformationModel.swift */,
			);
			path = Model;
			sourceTree = "<group>";
		};
		FE7C444A27AB58F500AA33AC /* Repository */ = {
			isa = PBXGroup;
			children = (
				FEA8868B27AB9D3600A0320B /* Repository.swift */,
			);
			path = Repository;
			sourceTree = "<group>";
		};
		FE7C444B27AB590C00AA33AC /* Domain */ = {
			isa = PBXGroup;
			children = (
				FE7C445A27AB5CFB00AA33AC /* BoxOfficeListModel.swift */,
				FEA8868F27ABBBC600A0320B /* MovieInfoListModel.swift */,
			);
			path = Domain;
			sourceTree = "<group>";
		};
		FE7C444C27AB591E00AA33AC /* Service */ = {
			isa = PBXGroup;
			children = (
				FEA886A627ADEA7A00A0320B /* Service.swift */,
			);
			path = Service;
			sourceTree = "<group>";
		};
		FE7C444D27AB59A100AA33AC /* ViewCell */ = {
			isa = PBXGroup;
			children = (
				FE7C445527AB5BB300AA33AC /* BoxOfficeCell.xib */,
				FEA886AE27ADFEF300A0320B /* MovieInfoCell.xib */,
				FE7C445727AB5BBB00AA33AC /* BoxOfficeCell.swift */,
				FEA886AC27ADFEE400A0320B /* SearchMovieCell.swift */,
			);
			path = ViewCell;
			sourceTree = "<group>";
		};
		FE7C444E27AB59FD00AA33AC /* App */ = {
			isa = PBXGroup;
			children = (
				FEA8869327ACF20700A0320B /* Asset */,
				FE7C443327AB55BE00AA33AC /* AppDelegate.swift */,
				FE7C443527AB55BE00AA33AC /* SceneDelegate.swift */,
			);
			path = App;
			sourceTree = "<group>";
		};
		FE7C445927AB5C3A00AA33AC /* ViewModel */ = {
			isa = PBXGroup;
			children = (
				FEA886A427ADEA3400A0320B /* BoxOfficeViewModel.swift */,
				FEA886B027AE005400A0320B /* SearchMovieViewModel.swift */,
			);
			path = ViewModel;
			sourceTree = "<group>";
		};
		FE7C445C27AB5E9000AA33AC /* Utils */ = {
			isa = PBXGroup;
			children = (
				FE7C445D27AB5EBB00AA33AC /* AlertService.swift */,
				FEA8868D27ABA21200A0320B /* Extensions.swift */,
			);
			path = Utils;
			sourceTree = "<group>";
		};
		FEA8869327ACF20700A0320B /* Asset */ = {
			isa = PBXGroup;
			children = (
				FE7C443C27AB55BF00AA33AC /* Assets.xcassets */,
				FE7C443E27AB55BF00AA33AC /* LaunchScreen.storyboard */,
			);
			path = Asset;
			sourceTree = "<group>";
		};
		FEA8869F27ADE97300A0320B /* CustomView */ = {
			isa = PBXGroup;
			children = (
				FEA886A027ADE98D00A0320B /* ModalPresentationController.swift */,
			);
			path = CustomView;
			sourceTree = "<group>";
		};
/* End PBXGroup section */

/* Begin PBXNativeTarget section */
		FE7C442F27AB55BE00AA33AC /* MovieRanking */ = {
			isa = PBXNativeTarget;
			buildConfigurationList = FE7C444427AB55BF00AA33AC /* Build configuration list for PBXNativeTarget "MovieRanking" */;
			buildPhases = (
				FE7C442C27AB55BE00AA33AC /* Sources */,
				FE7C442D27AB55BE00AA33AC /* Frameworks */,
				FE7C442E27AB55BE00AA33AC /* Resources */,
			);
			buildRules = (
			);
			dependencies = (
			);
			name = MovieRanking;
			productName = MovieRanking;
			productReference = FE7C443027AB55BE00AA33AC /* MovieRanking.app */;
			productType = "com.apple.product-type.application";
		};
/* End PBXNativeTarget section */

/* Begin PBXProject section */
		FE7C442827AB55BE00AA33AC /* Project object */ = {
			isa = PBXProject;
			attributes = {
				BuildIndependentTargetsInParallel = 1;
				LastSwiftUpdateCheck = 1320;
				LastUpgradeCheck = 1320;
				TargetAttributes = {
					FE7C442F27AB55BE00AA33AC = {
						CreatedOnToolsVersion = 13.2.1;
					};
				};
			};
			buildConfigurationList = FE7C442B27AB55BE00AA33AC /* Build configuration list for PBXProject "MovieRanking" */;
			compatibilityVersion = "Xcode 13.0";
			developmentRegion = en;
			hasScannedForEncodings = 0;
			knownRegions = (
				en,
				Base,
			);
			mainGroup = FE7C442727AB55BE00AA33AC;
			productRefGroup = FE7C443127AB55BE00AA33AC /* Products */;
			projectDirPath = "";
			projectRoot = "";
			targets = (
				FE7C442F27AB55BE00AA33AC /* MovieRanking */,
			);
		};
/* End PBXProject section */

/* Begin PBXResourcesBuildPhase section */
		FE7C442E27AB55BE00AA33AC /* Resources */ = {
			isa = PBXResourcesBuildPhase;
			buildActionMask = 2147483647;
			files = (
				FE7C444027AB55BF00AA33AC /* LaunchScreen.storyboard in Resources */,
				FE7C443D27AB55BF00AA33AC /* Assets.xcassets in Resources */,
				FE7C443B27AB55BE00AA33AC /* Main.storyboard in Resources */,
				FEA886AF27ADFEF300A0320B /* MovieInfoCell.xib in Resources */,
				FE7C445627AB5BB300AA33AC /* BoxOfficeCell.xib in Resources */,
			);
			runOnlyForDeploymentPostprocessing = 0;
		};
/* End PBXResourcesBuildPhase section */

/* Begin PBXSourcesBuildPhase section */
		FE7C442C27AB55BE00AA33AC /* Sources */ = {
			isa = PBXSourcesBuildPhase;
			buildActionMask = 2147483647;
			files = (
				FE7C445B27AB5CFB00AA33AC /* BoxOfficeListModel.swift in Sources */,
				FEA886A127ADE98D00A0320B /* ModalPresentationController.swift in Sources */,
				FEA886AD27ADFEE400A0320B /* SearchMovieCell.swift in Sources */,
				FE7C445427AB5AEC00AA33AC /* K.swift in Sources */,
				FE7C443427AB55BE00AA33AC /* AppDelegate.swift in Sources */,
				FEA886A727ADEA7A00A0320B /* Service.swift in Sources */,
				FE7C445827AB5BBB00AA33AC /* BoxOfficeCell.swift in Sources */,
				FEA8869027ABBBC600A0320B /* MovieInfoListModel.swift in Sources */,
				FE7C443627AB55BE00AA33AC /* SceneDelegate.swift in Sources */,
				FEA886A927ADEC0000A0320B /* BoxOfficeViewController.swift in Sources */,
				FEA886A327ADE9A400A0320B /* OptionTableViewController.swift in Sources */,
				FE7C446227AB623400AA33AC /* DailyBoxOfficeModel.swift in Sources */,
				FE7C446627AB623F00AA33AC /* MovieInformationModel.swift in Sources */,
				FEA886A527ADEA3400A0320B /* BoxOfficeViewModel.swift in Sources */,
				FEA8868C27AB9D3600A0320B /* Repository.swift in Sources */,
				FE7C445E27AB5EBB00AA33AC /* AlertService.swift in Sources */,
				FEA886B127AE005400A0320B /* SearchMovieViewModel.swift in Sources */,
				FE7C445227AB5ABB00AA33AC /* Private.swift in Sources */,
				FE7C446427AB623900AA33AC /* WeeklyBoxOfficeModel.swift in Sources */,
				FEA886AB27ADFE2000A0320B /* SearchMovieViewController.swift in Sources */,
				FEA8868E27ABA21200A0320B /* Extensions.swift in Sources */,
			);
			runOnlyForDeploymentPostprocessing = 0;
		};
/* End PBXSourcesBuildPhase section */

/* Begin PBXVariantGroup section */
		FE7C443927AB55BE00AA33AC /* Main.storyboard */ = {
			isa = PBXVariantGroup;
			children = (
				FE7C443A27AB55BE00AA33AC /* Base */,
			);
			name = Main.storyboard;
			sourceTree = "<group>";
		};
		FE7C443E27AB55BF00AA33AC /* LaunchScreen.storyboard */ = {
			isa = PBXVariantGroup;
			children = (
				FE7C443F27AB55BF00AA33AC /* Base */,
			);
			name = LaunchScreen.storyboard;
			sourceTree = "<group>";
		};
/* End PBXVariantGroup section */

/* Begin XCBuildConfiguration section */
		FE7C444227AB55BF00AA33AC /* Debug */ = {
			isa = XCBuildConfiguration;
			buildSettings = {
				ALWAYS_SEARCH_USER_PATHS = NO;
				CLANG_ANALYZER_NONNULL = YES;
				CLANG_ANALYZER_NUMBER_OBJECT_CONVERSION = YES_AGGRESSIVE;
				CLANG_CXX_LANGUAGE_STANDARD = "gnu++17";
				CLANG_CXX_LIBRARY = "libc++";
				CLANG_ENABLE_MODULES = YES;
				CLANG_ENABLE_OBJC_ARC = YES;
				CLANG_ENABLE_OBJC_WEAK = YES;
				CLANG_WARN_BLOCK_CAPTURE_AUTORELEASING = YES;
				CLANG_WARN_BOOL_CONVERSION = YES;
				CLANG_WARN_COMMA = YES;
				CLANG_WARN_CONSTANT_CONVERSION = YES;
				CLANG_WARN_DEPRECATED_OBJC_IMPLEMENTATIONS = YES;
				CLANG_WARN_DIRECT_OBJC_ISA_USAGE = YES_ERROR;
				CLANG_WARN_DOCUMENTATION_COMMENTS = YES;
				CLANG_WARN_EMPTY_BODY = YES;
				CLANG_WARN_ENUM_CONVERSION = YES;
				CLANG_WARN_INFINITE_RECURSION = YES;
				CLANG_WARN_INT_CONVERSION = YES;
				CLANG_WARN_NON_LITERAL_NULL_CONVERSION = YES;
				CLANG_WARN_OBJC_IMPLICIT_RETAIN_SELF = YES;
				CLANG_WARN_OBJC_LITERAL_CONVERSION = YES;
				CLANG_WARN_OBJC_ROOT_CLASS = YES_ERROR;
				CLANG_WARN_QUOTED_INCLUDE_IN_FRAMEWORK_HEADER = YES;
				CLANG_WARN_RANGE_LOOP_ANALYSIS = YES;
				CLANG_WARN_STRICT_PROTOTYPES = YES;
				CLANG_WARN_SUSPICIOUS_MOVE = YES;
				CLANG_WARN_UNGUARDED_AVAILABILITY = YES_AGGRESSIVE;
				CLANG_WARN_UNREACHABLE_CODE = YES;
				CLANG_WARN__DUPLICATE_METHOD_MATCH = YES;
				COPY_PHASE_STRIP = NO;
				DEBUG_INFORMATION_FORMAT = dwarf;
				ENABLE_STRICT_OBJC_MSGSEND = YES;
				ENABLE_TESTABILITY = YES;
				GCC_C_LANGUAGE_STANDARD = gnu11;
				GCC_DYNAMIC_NO_PIC = NO;
				GCC_NO_COMMON_BLOCKS = YES;
				GCC_OPTIMIZATION_LEVEL = 0;
				GCC_PREPROCESSOR_DEFINITIONS = (
					"DEBUG=1",
					"$(inherited)",
				);
				GCC_WARN_64_TO_32_BIT_CONVERSION = YES;
				GCC_WARN_ABOUT_RETURN_TYPE = YES_ERROR;
				GCC_WARN_UNDECLARED_SELECTOR = YES;
				GCC_WARN_UNINITIALIZED_AUTOS = YES_AGGRESSIVE;
				GCC_WARN_UNUSED_FUNCTION = YES;
				GCC_WARN_UNUSED_VARIABLE = YES;
				IPHONEOS_DEPLOYMENT_TARGET = 13.0;
				MTL_ENABLE_DEBUG_INFO = INCLUDE_SOURCE;
				MTL_FAST_MATH = YES;
				ONLY_ACTIVE_ARCH = YES;
				SDKROOT = iphoneos;
				SWIFT_ACTIVE_COMPILATION_CONDITIONS = DEBUG;
				SWIFT_OPTIMIZATION_LEVEL = "-Onone";
			};
			name = Debug;
		};
		FE7C444327AB55BF00AA33AC /* Release */ = {
			isa = XCBuildConfiguration;
			buildSettings = {
				ALWAYS_SEARCH_USER_PATHS = NO;
				CLANG_ANALYZER_NONNULL = YES;
				CLANG_ANALYZER_NUMBER_OBJECT_CONVERSION = YES_AGGRESSIVE;
				CLANG_CXX_LANGUAGE_STANDARD = "gnu++17";
				CLANG_CXX_LIBRARY = "libc++";
				CLANG_ENABLE_MODULES = YES;
				CLANG_ENABLE_OBJC_ARC = YES;
				CLANG_ENABLE_OBJC_WEAK = YES;
				CLANG_WARN_BLOCK_CAPTURE_AUTORELEASING = YES;
				CLANG_WARN_BOOL_CONVERSION = YES;
				CLANG_WARN_COMMA = YES;
				CLANG_WARN_CONSTANT_CONVERSION = YES;
				CLANG_WARN_DEPRECATED_OBJC_IMPLEMENTATIONS = YES;
				CLANG_WARN_DIRECT_OBJC_ISA_USAGE = YES_ERROR;
				CLANG_WARN_DOCUMENTATION_COMMENTS = YES;
				CLANG_WARN_EMPTY_BODY = YES;
				CLANG_WARN_ENUM_CONVERSION = YES;
				CLANG_WARN_INFINITE_RECURSION = YES;
				CLANG_WARN_INT_CONVERSION = YES;
				CLANG_WARN_NON_LITERAL_NULL_CONVERSION = YES;
				CLANG_WARN_OBJC_IMPLICIT_RETAIN_SELF = YES;
				CLANG_WARN_OBJC_LITERAL_CONVERSION = YES;
				CLANG_WARN_OBJC_ROOT_CLASS = YES_ERROR;
				CLANG_WARN_QUOTED_INCLUDE_IN_FRAMEWORK_HEADER = YES;
				CLANG_WARN_RANGE_LOOP_ANALYSIS = YES;
				CLANG_WARN_STRICT_PROTOTYPES = YES;
				CLANG_WARN_SUSPICIOUS_MOVE = YES;
				CLANG_WARN_UNGUARDED_AVAILABILITY = YES_AGGRESSIVE;
				CLANG_WARN_UNREACHABLE_CODE = YES;
				CLANG_WARN__DUPLICATE_METHOD_MATCH = YES;
				COPY_PHASE_STRIP = NO;
				DEBUG_INFORMATION_FORMAT = "dwarf-with-dsym";
				ENABLE_NS_ASSERTIONS = NO;
				ENABLE_STRICT_OBJC_MSGSEND = YES;
				GCC_C_LANGUAGE_STANDARD = gnu11;
				GCC_NO_COMMON_BLOCKS = YES;
				GCC_WARN_64_TO_32_BIT_CONVERSION = YES;
				GCC_WARN_ABOUT_RETURN_TYPE = YES_ERROR;
				GCC_WARN_UNDECLARED_SELECTOR = YES;
				GCC_WARN_UNINITIALIZED_AUTOS = YES_AGGRESSIVE;
				GCC_WARN_UNUSED_FUNCTION = YES;
				GCC_WARN_UNUSED_VARIABLE = YES;
				IPHONEOS_DEPLOYMENT_TARGET = 13.0;
				MTL_ENABLE_DEBUG_INFO = NO;
				MTL_FAST_MATH = YES;
				SDKROOT = iphoneos;
				SWIFT_COMPILATION_MODE = wholemodule;
				SWIFT_OPTIMIZATION_LEVEL = "-O";
				VALIDATE_PRODUCT = YES;
			};
			name = Release;
		};
		FE7C444527AB55BF00AA33AC /* Debug */ = {
			isa = XCBuildConfiguration;
			buildSettings = {
				ASSETCATALOG_COMPILER_APPICON_NAME = AppIcon;
				ASSETCATALOG_COMPILER_GLOBAL_ACCENT_COLOR_NAME = AccentColor;
				CODE_SIGN_STYLE = Automatic;
				CURRENT_PROJECT_VERSION = 1;
				DEVELOPMENT_TEAM = 7NYS62N9WB;
				GENERATE_INFOPLIST_FILE = YES;
				INFOPLIST_FILE = MovieRanking/Info.plist;
				INFOPLIST_KEY_UIApplicationSupportsIndirectInputEvents = YES;
				INFOPLIST_KEY_UILaunchStoryboardName = LaunchScreen;
				INFOPLIST_KEY_UIMainStoryboardFile = Main;
				INFOPLIST_KEY_UISupportedInterfaceOrientations_iPad = "UIInterfaceOrientationPortrait UIInterfaceOrientationPortraitUpsideDown UIInterfaceOrientationLandscapeLeft UIInterfaceOrientationLandscapeRight";
				INFOPLIST_KEY_UISupportedInterfaceOrientations_iPhone = "UIInterfaceOrientationPortrait UIInterfaceOrientationLandscapeLeft UIInterfaceOrientationLandscapeRight";
				LD_RUNPATH_SEARCH_PATHS = (
					"$(inherited)",
					"@executable_path/Frameworks",
				);
				MARKETING_VERSION = 1.0;
				PRODUCT_BUNDLE_IDENTIFIER = com.otter618.MovieRanking;
				PRODUCT_NAME = "$(TARGET_NAME)";
				SWIFT_EMIT_LOC_STRINGS = YES;
				SWIFT_VERSION = 5.0;
				TARGETED_DEVICE_FAMILY = "1,2";
			};
			name = Debug;
		};
		FE7C444627AB55BF00AA33AC /* Release */ = {
			isa = XCBuildConfiguration;
			buildSettings = {
				ASSETCATALOG_COMPILER_APPICON_NAME = AppIcon;
				ASSETCATALOG_COMPILER_GLOBAL_ACCENT_COLOR_NAME = AccentColor;
				CODE_SIGN_STYLE = Automatic;
				CURRENT_PROJECT_VERSION = 1;
				DEVELOPMENT_TEAM = 7NYS62N9WB;
				GENERATE_INFOPLIST_FILE = YES;
				INFOPLIST_FILE = MovieRanking/Info.plist;
				INFOPLIST_KEY_UIApplicationSupportsIndirectInputEvents = YES;
				INFOPLIST_KEY_UILaunchStoryboardName = LaunchScreen;
				INFOPLIST_KEY_UIMainStoryboardFile = Main;
				INFOPLIST_KEY_UISupportedInterfaceOrientations_iPad = "UIInterfaceOrientationPortrait UIInterfaceOrientationPortraitUpsideDown UIInterfaceOrientationLandscapeLeft UIInterfaceOrientationLandscapeRight";
				INFOPLIST_KEY_UISupportedInterfaceOrientations_iPhone = "UIInterfaceOrientationPortrait UIInterfaceOrientationLandscapeLeft UIInterfaceOrientationLandscapeRight";
				LD_RUNPATH_SEARCH_PATHS = (
					"$(inherited)",
					"@executable_path/Frameworks",
				);
				MARKETING_VERSION = 1.0;
				PRODUCT_BUNDLE_IDENTIFIER = com.otter618.MovieRanking;
				PRODUCT_NAME = "$(TARGET_NAME)";
				SWIFT_EMIT_LOC_STRINGS = YES;
				SWIFT_VERSION = 5.0;
				TARGETED_DEVICE_FAMILY = "1,2";
			};
			name = Release;
		};
/* End XCBuildConfiguration section */

/* Begin XCConfigurationList section */
		FE7C442B27AB55BE00AA33AC /* Build configuration list for PBXProject "MovieRanking" */ = {
			isa = XCConfigurationList;
			buildConfigurations = (
				FE7C444227AB55BF00AA33AC /* Debug */,
				FE7C444327AB55BF00AA33AC /* Release */,
			);
			defaultConfigurationIsVisible = 0;
			defaultConfigurationName = Release;
		};
		FE7C444427AB55BF00AA33AC /* Build configuration list for PBXNativeTarget "MovieRanking" */ = {
			isa = XCConfigurationList;
			buildConfigurations = (
				FE7C444527AB55BF00AA33AC /* Debug */,
				FE7C444627AB55BF00AA33AC /* Release */,
			);
			defaultConfigurationIsVisible = 0;
			defaultConfigurationName = Release;
		};
/* End XCConfigurationList section */
	};
	rootObject = FE7C442827AB55BE00AA33AC /* Project object */;
}
