// !$*UTF8*$!
{
	archiveVersion = 1;
	classes = {
	};
	objectVersion = 55;
	objects = {

/* Begin PBXBuildFile section */
		CD3518A6598550536DFC6490 /* Pods_MovieRanking.framework in Frameworks */ = {isa = PBXBuildFile; fileRef = 35B1B627EB99A6C1F6C49055 /* Pods_MovieRanking.framework */; };
		FE430A9027B50BE1004AF8EE /* RatingStarsCell.swift in Sources */ = {isa = PBXBuildFile; fileRef = FE430A8E27B50BE1004AF8EE /* RatingStarsCell.swift */; };
		FE430A9127B50BE1004AF8EE /* RatingStarsCell.xib in Resources */ = {isa = PBXBuildFile; fileRef = FE430A8F27B50BE1004AF8EE /* RatingStarsCell.xib */; };
		FE49A84027B8F35500C178A4 /* CommentListModel.swift in Sources */ = {isa = PBXBuildFile; fileRef = FE49A83F27B8F35500C178A4 /* CommentListModel.swift */; };
		FE49A84227B8FE0100C178A4 /* FBCommentModel.swift in Sources */ = {isa = PBXBuildFile; fileRef = FE49A84127B8FE0100C178A4 /* FBCommentModel.swift */; };
		FE49A84427B902AA00C178A4 /* FirebaseService.swift in Sources */ = {isa = PBXBuildFile; fileRef = FE49A84327B902AA00C178A4 /* FirebaseService.swift */; };
		FE49A84627B934E700C178A4 /* FBCurrentUserCommentModel.swift in Sources */ = {isa = PBXBuildFile; fileRef = FE49A84527B934E700C178A4 /* FBCurrentUserCommentModel.swift */; };
		FE49A84827B935EB00C178A4 /* CurrentUserCommentListModel.swift in Sources */ = {isa = PBXBuildFile; fileRef = FE49A84727B935EB00C178A4 /* CurrentUserCommentListModel.swift */; };
		FE49A84A27B945D200C178A4 /* FBWishToWatchModel.swift in Sources */ = {isa = PBXBuildFile; fileRef = FE49A84927B945D200C178A4 /* FBWishToWatchModel.swift */; };
		FE49A84C27B9470700C178A4 /* WishToWatchListModel.swift in Sources */ = {isa = PBXBuildFile; fileRef = FE49A84B27B9470700C178A4 /* WishToWatchListModel.swift */; };
		FE7C443427AB55BE00AA33AC /* AppDelegate.swift in Sources */ = {isa = PBXBuildFile; fileRef = FE7C443327AB55BE00AA33AC /* AppDelegate.swift */; };
		FE7C443627AB55BE00AA33AC /* SceneDelegate.swift in Sources */ = {isa = PBXBuildFile; fileRef = FE7C443527AB55BE00AA33AC /* SceneDelegate.swift */; };
		FE7C443B27AB55BE00AA33AC /* Main.storyboard in Resources */ = {isa = PBXBuildFile; fileRef = FE7C443927AB55BE00AA33AC /* Main.storyboard */; };
		FE7C443D27AB55BF00AA33AC /* Assets.xcassets in Resources */ = {isa = PBXBuildFile; fileRef = FE7C443C27AB55BF00AA33AC /* Assets.xcassets */; };
		FE7C444027AB55BF00AA33AC /* LaunchScreen.storyboard in Resources */ = {isa = PBXBuildFile; fileRef = FE7C443E27AB55BF00AA33AC /* LaunchScreen.storyboard */; };
		FE7C445227AB5ABB00AA33AC /* Private.swift in Sources */ = {isa = PBXBuildFile; fileRef = FE7C445127AB5ABB00AA33AC /* Private.swift */; };
		FE7C445427AB5AEC00AA33AC /* K.swift in Sources */ = {isa = PBXBuildFile; fileRef = FE7C445327AB5AEC00AA33AC /* K.swift */; };
		FE7C445627AB5BB300AA33AC /* BoxOfficeCell.xib in Resources */ = {isa = PBXBuildFile; fileRef = FE7C445527AB5BB300AA33AC /* BoxOfficeCell.xib */; };
		FE7C445827AB5BBB00AA33AC /* BoxOfficeCell.swift in Sources */ = {isa = PBXBuildFile; fileRef = FE7C445727AB5BBB00AA33AC /* BoxOfficeCell.swift */; };
		FE7C445B27AB5CFB00AA33AC /* BoxOfficeListModel.swift in Sources */ = {isa = PBXBuildFile; fileRef = FE7C445A27AB5CFB00AA33AC /* BoxOfficeListModel.swift */; };
		FE7C445E27AB5EBB00AA33AC /* AlertService.swift in Sources */ = {isa = PBXBuildFile; fileRef = FE7C445D27AB5EBB00AA33AC /* AlertService.swift */; };
		FE7C446227AB623400AA33AC /* DailyBoxOfficeModel.swift in Sources */ = {isa = PBXBuildFile; fileRef = FE7C446127AB623400AA33AC /* DailyBoxOfficeModel.swift */; };
		FE7C446427AB623900AA33AC /* WeeklyBoxOfficeModel.swift in Sources */ = {isa = PBXBuildFile; fileRef = FE7C446327AB623900AA33AC /* WeeklyBoxOfficeModel.swift */; };
		FE7C446627AB623F00AA33AC /* MovieInformationModel.swift in Sources */ = {isa = PBXBuildFile; fileRef = FE7C446527AB623F00AA33AC /* MovieInformationModel.swift */; };
		FEA4785327B887A300F04338 /* StorageViewController.swift in Sources */ = {isa = PBXBuildFile; fileRef = FEA4785227B887A300F04338 /* StorageViewController.swift */; };
		FEA4785727B88CFD00F04338 /* StorageCell.swift in Sources */ = {isa = PBXBuildFile; fileRef = FEA4785627B88CFD00F04338 /* StorageCell.swift */; };
		FEA8868C27AB9D3600A0320B /* ApiService.swift in Sources */ = {isa = PBXBuildFile; fileRef = FEA8868B27AB9D3600A0320B /* ApiService.swift */; };
		FEA8868E27ABA21200A0320B /* Extensions.swift in Sources */ = {isa = PBXBuildFile; fileRef = FEA8868D27ABA21200A0320B /* Extensions.swift */; };
		FEA8869027ABBBC600A0320B /* MovieInfoListModel.swift in Sources */ = {isa = PBXBuildFile; fileRef = FEA8868F27ABBBC600A0320B /* MovieInfoListModel.swift */; };
		FEA886A127ADE98D00A0320B /* ModalPresentationController.swift in Sources */ = {isa = PBXBuildFile; fileRef = FEA886A027ADE98D00A0320B /* ModalPresentationController.swift */; };
		FEA886A327ADE9A400A0320B /* OptionTableViewController.swift in Sources */ = {isa = PBXBuildFile; fileRef = FEA886A227ADE9A400A0320B /* OptionTableViewController.swift */; };
		FEA886A527ADEA3400A0320B /* BoxOfficeViewModel.swift in Sources */ = {isa = PBXBuildFile; fileRef = FEA886A427ADEA3400A0320B /* BoxOfficeViewModel.swift */; };
		FEA886A727ADEA7A00A0320B /* Service.swift in Sources */ = {isa = PBXBuildFile; fileRef = FEA886A627ADEA7A00A0320B /* Service.swift */; };
		FEA886A927ADEC0000A0320B /* BoxOfficeViewController.swift in Sources */ = {isa = PBXBuildFile; fileRef = FEA886A827ADEC0000A0320B /* BoxOfficeViewController.swift */; };
		FEA886AB27ADFE2000A0320B /* SearchMovieViewController.swift in Sources */ = {isa = PBXBuildFile; fileRef = FEA886AA27ADFE2000A0320B /* SearchMovieViewController.swift */; };
		FEA886AD27ADFEE400A0320B /* SearchMovieCell.swift in Sources */ = {isa = PBXBuildFile; fileRef = FEA886AC27ADFEE400A0320B /* SearchMovieCell.swift */; };
		FEA886AF27ADFEF300A0320B /* SearchMovieCell.xib in Resources */ = {isa = PBXBuildFile; fileRef = FEA886AE27ADFEF300A0320B /* SearchMovieCell.xib */; };
		FEA886B127AE005400A0320B /* MovieInfoViewModel.swift in Sources */ = {isa = PBXBuildFile; fileRef = FEA886B027AE005400A0320B /* MovieInfoViewModel.swift */; };
		FEA886B527AFBC5E00A0320B /* MovieInfoViewController.swift in Sources */ = {isa = PBXBuildFile; fileRef = FEA886B427AFBC5E00A0320B /* MovieInfoViewController.swift */; };
		FEA886B727AFBD8C00A0320B /* MovieImageCell.xib in Resources */ = {isa = PBXBuildFile; fileRef = FEA886B627AFBD8C00A0320B /* MovieImageCell.xib */; };
		FEA886B927AFBD9B00A0320B /* MovieImageCell.swift in Sources */ = {isa = PBXBuildFile; fileRef = FEA886B827AFBD9B00A0320B /* MovieImageCell.swift */; };
		FEA886BB27AFC5F000A0320B /* ImageViewController.swift in Sources */ = {isa = PBXBuildFile; fileRef = FEA886BA27AFC5F000A0320B /* ImageViewController.swift */; };
		FEA886BF27AFC66C00A0320B /* ImageCollectionViewCell.swift in Sources */ = {isa = PBXBuildFile; fileRef = FEA886BE27AFC66C00A0320B /* ImageCollectionViewCell.swift */; };
		FEA886C127AFC8F200A0320B /* DownloadImage.swift in Sources */ = {isa = PBXBuildFile; fileRef = FEA886C027AFC8F200A0320B /* DownloadImage.swift */; };
		FEA886C327AFF9B000A0320B /* DetailInfoCell.xib in Resources */ = {isa = PBXBuildFile; fileRef = FEA886C227AFF9B000A0320B /* DetailInfoCell.xib */; };
		FEA886C527AFF9BE00A0320B /* DetailInfoCell.swift in Sources */ = {isa = PBXBuildFile; fileRef = FEA886C427AFF9BE00A0320B /* DetailInfoCell.swift */; };
		FEA886C727B004A400A0320B /* StaffsInfoCell.swift in Sources */ = {isa = PBXBuildFile; fileRef = FEA886C627B004A400A0320B /* StaffsInfoCell.swift */; };
		FEA886C927B004C000A0320B /* StaffsInfoCell.xib in Resources */ = {isa = PBXBuildFile; fileRef = FEA886C827B004C000A0320B /* StaffsInfoCell.xib */; };
		FEBF229427B26ACB00190D8F /* AccountViewController.swift in Sources */ = {isa = PBXBuildFile; fileRef = FEBF229327B26ACB00190D8F /* AccountViewController.swift */; };
		FEBF229627B26BA100190D8F /* LoginViewController.swift in Sources */ = {isa = PBXBuildFile; fileRef = FEBF229527B26BA100190D8F /* LoginViewController.swift */; };
		FEBF229827B26C2600190D8F /* RegisterViewController.swift in Sources */ = {isa = PBXBuildFile; fileRef = FEBF229727B26C2600190D8F /* RegisterViewController.swift */; };
		FEE30BB927B39B900045D6AC /* GoogleService-Info.plist in Resources */ = {isa = PBXBuildFile; fileRef = FEE30BB827B39B8F0045D6AC /* GoogleService-Info.plist */; };
		FEF75EBA27B008770022A1EE /* StaffsInfoTableViewController.swift in Sources */ = {isa = PBXBuildFile; fileRef = FEF75EB927B008770022A1EE /* StaffsInfoTableViewController.swift */; };
		FEF75EC027B0E49E0022A1EE /* UserInteractionCell.xib in Resources */ = {isa = PBXBuildFile; fileRef = FEF75EBF27B0E49E0022A1EE /* UserInteractionCell.xib */; };
		FEF75EC227B0E4E20022A1EE /* UserInteractionCell.swift in Sources */ = {isa = PBXBuildFile; fileRef = FEF75EC127B0E4E20022A1EE /* UserInteractionCell.swift */; };
		FEF75EC427B105D10022A1EE /* CommentHeadCell.xib in Resources */ = {isa = PBXBuildFile; fileRef = FEF75EC327B105D10022A1EE /* CommentHeadCell.xib */; };
		FEF75EC627B106B40022A1EE /* CommentHeadCell.swift in Sources */ = {isa = PBXBuildFile; fileRef = FEF75EC527B106B40022A1EE /* CommentHeadCell.swift */; };
		FEF75EC827B109BE0022A1EE /* CommentCell.xib in Resources */ = {isa = PBXBuildFile; fileRef = FEF75EC727B109BE0022A1EE /* CommentCell.xib */; };
		FEF75ECA27B109CD0022A1EE /* CommentCell.swift in Sources */ = {isa = PBXBuildFile; fileRef = FEF75EC927B109CD0022A1EE /* CommentCell.swift */; };
		FEF75ECC27B118A30022A1EE /* AddCommentViewController.swift in Sources */ = {isa = PBXBuildFile; fileRef = FEF75ECB27B118A30022A1EE /* AddCommentViewController.swift */; };
		FEF75ECE27B160F10022A1EE /* RatingUISlider.swift in Sources */ = {isa = PBXBuildFile; fileRef = FEF75ECD27B160F10022A1EE /* RatingUISlider.swift */; };
		FEF75ED027B1656E0022A1EE /* FirebaseViewModel.swift in Sources */ = {isa = PBXBuildFile; fileRef = FEF75ECF27B1656E0022A1EE /* FirebaseViewModel.swift */; };
/* End PBXBuildFile section */

/* Begin PBXFileReference section */
		19E1B200AA121543348AD841 /* Pods-MovieRanking.debug.xcconfig */ = {isa = PBXFileReference; includeInIndex = 1; lastKnownFileType = text.xcconfig; name = "Pods-MovieRanking.debug.xcconfig"; path = "Target Support Files/Pods-MovieRanking/Pods-MovieRanking.debug.xcconfig"; sourceTree = "<group>"; };
		35B1B627EB99A6C1F6C49055 /* Pods_MovieRanking.framework */ = {isa = PBXFileReference; explicitFileType = wrapper.framework; includeInIndex = 0; path = Pods_MovieRanking.framework; sourceTree = BUILT_PRODUCTS_DIR; };
		AE3D0A4C64A9D1C47C863481 /* Pods-MovieRanking.release.xcconfig */ = {isa = PBXFileReference; includeInIndex = 1; lastKnownFileType = text.xcconfig; name = "Pods-MovieRanking.release.xcconfig"; path = "Target Support Files/Pods-MovieRanking/Pods-MovieRanking.release.xcconfig"; sourceTree = "<group>"; };
		FE430A8E27B50BE1004AF8EE /* RatingStarsCell.swift */ = {isa = PBXFileReference; lastKnownFileType = sourcecode.swift; path = RatingStarsCell.swift; sourceTree = "<group>"; };
		FE430A8F27B50BE1004AF8EE /* RatingStarsCell.xib */ = {isa = PBXFileReference; lastKnownFileType = file.xib; path = RatingStarsCell.xib; sourceTree = "<group>"; };
		FE49A83F27B8F35500C178A4 /* CommentListModel.swift */ = {isa = PBXFileReference; lastKnownFileType = sourcecode.swift; path = CommentListModel.swift; sourceTree = "<group>"; };
		FE49A84127B8FE0100C178A4 /* FBCommentModel.swift */ = {isa = PBXFileReference; lastKnownFileType = sourcecode.swift; path = FBCommentModel.swift; sourceTree = "<group>"; };
		FE49A84327B902AA00C178A4 /* FirebaseService.swift */ = {isa = PBXFileReference; lastKnownFileType = sourcecode.swift; path = FirebaseService.swift; sourceTree = "<group>"; };
		FE49A84527B934E700C178A4 /* FBCurrentUserCommentModel.swift */ = {isa = PBXFileReference; lastKnownFileType = sourcecode.swift; path = FBCurrentUserCommentModel.swift; sourceTree = "<group>"; };
		FE49A84727B935EB00C178A4 /* CurrentUserCommentListModel.swift */ = {isa = PBXFileReference; lastKnownFileType = sourcecode.swift; path = CurrentUserCommentListModel.swift; sourceTree = "<group>"; };
		FE49A84927B945D200C178A4 /* FBWishToWatchModel.swift */ = {isa = PBXFileReference; lastKnownFileType = sourcecode.swift; path = FBWishToWatchModel.swift; sourceTree = "<group>"; };
		FE49A84B27B9470700C178A4 /* WishToWatchListModel.swift */ = {isa = PBXFileReference; lastKnownFileType = sourcecode.swift; path = WishToWatchListModel.swift; sourceTree = "<group>"; };
		FE7C443027AB55BE00AA33AC /* MovieRanking.app */ = {isa = PBXFileReference; explicitFileType = wrapper.application; includeInIndex = 0; path = MovieRanking.app; sourceTree = BUILT_PRODUCTS_DIR; };
		FE7C443327AB55BE00AA33AC /* AppDelegate.swift */ = {isa = PBXFileReference; lastKnownFileType = sourcecode.swift; path = AppDelegate.swift; sourceTree = "<group>"; };
		FE7C443527AB55BE00AA33AC /* SceneDelegate.swift */ = {isa = PBXFileReference; lastKnownFileType = sourcecode.swift; path = SceneDelegate.swift; sourceTree = "<group>"; };
		FE7C443A27AB55BE00AA33AC /* Base */ = {isa = PBXFileReference; lastKnownFileType = file.storyboard; name = Base; path = Base.lproj/Main.storyboard; sourceTree = "<group>"; };
		FE7C443C27AB55BF00AA33AC /* Assets.xcassets */ = {isa = PBXFileReference; lastKnownFileType = folder.assetcatalog; path = Assets.xcassets; sourceTree = "<group>"; };
		FE7C443F27AB55BF00AA33AC /* Base */ = {isa = PBXFileReference; lastKnownFileType = file.storyboard; name = Base; path = Base.lproj/LaunchScreen.storyboard; sourceTree = "<group>"; };
		FE7C444127AB55BF00AA33AC /* Info.plist */ = {isa = PBXFileReference; lastKnownFileType = text.plist.xml; path = Info.plist; sourceTree = "<group>"; };
		FE7C445127AB5ABB00AA33AC /* Private.swift */ = {isa = PBXFileReference; fileEncoding = 4; lastKnownFileType = sourcecode.swift; path = Private.swift; sourceTree = "<group>"; };
		FE7C445327AB5AEC00AA33AC /* K.swift */ = {isa = PBXFileReference; fileEncoding = 4; lastKnownFileType = sourcecode.swift; path = K.swift; sourceTree = "<group>"; };
		FE7C445527AB5BB300AA33AC /* BoxOfficeCell.xib */ = {isa = PBXFileReference; fileEncoding = 4; lastKnownFileType = file.xib; path = BoxOfficeCell.xib; sourceTree = "<group>"; };
		FE7C445727AB5BBB00AA33AC /* BoxOfficeCell.swift */ = {isa = PBXFileReference; fileEncoding = 4; lastKnownFileType = sourcecode.swift; path = BoxOfficeCell.swift; sourceTree = "<group>"; };
		FE7C445A27AB5CFB00AA33AC /* BoxOfficeListModel.swift */ = {isa = PBXFileReference; lastKnownFileType = sourcecode.swift; path = BoxOfficeListModel.swift; sourceTree = "<group>"; };
		FE7C445D27AB5EBB00AA33AC /* AlertService.swift */ = {isa = PBXFileReference; fileEncoding = 4; lastKnownFileType = sourcecode.swift; path = AlertService.swift; sourceTree = "<group>"; };
		FE7C446127AB623400AA33AC /* DailyBoxOfficeModel.swift */ = {isa = PBXFileReference; fileEncoding = 4; lastKnownFileType = sourcecode.swift; path = DailyBoxOfficeModel.swift; sourceTree = "<group>"; };
		FE7C446327AB623900AA33AC /* WeeklyBoxOfficeModel.swift */ = {isa = PBXFileReference; fileEncoding = 4; lastKnownFileType = sourcecode.swift; path = WeeklyBoxOfficeModel.swift; sourceTree = "<group>"; };
		FE7C446527AB623F00AA33AC /* MovieInformationModel.swift */ = {isa = PBXFileReference; fileEncoding = 4; lastKnownFileType = sourcecode.swift; path = MovieInformationModel.swift; sourceTree = "<group>"; };
		FEA4785227B887A300F04338 /* StorageViewController.swift */ = {isa = PBXFileReference; lastKnownFileType = sourcecode.swift; path = StorageViewController.swift; sourceTree = "<group>"; };
		FEA4785627B88CFD00F04338 /* StorageCell.swift */ = {isa = PBXFileReference; lastKnownFileType = sourcecode.swift; path = StorageCell.swift; sourceTree = "<group>"; };
		FEA8868B27AB9D3600A0320B /* ApiService.swift */ = {isa = PBXFileReference; lastKnownFileType = sourcecode.swift; path = ApiService.swift; sourceTree = "<group>"; };
		FEA8868D27ABA21200A0320B /* Extensions.swift */ = {isa = PBXFileReference; lastKnownFileType = sourcecode.swift; path = Extensions.swift; sourceTree = "<group>"; };
		FEA8868F27ABBBC600A0320B /* MovieInfoListModel.swift */ = {isa = PBXFileReference; fileEncoding = 4; lastKnownFileType = sourcecode.swift; path = MovieInfoListModel.swift; sourceTree = "<group>"; };
		FEA886A027ADE98D00A0320B /* ModalPresentationController.swift */ = {isa = PBXFileReference; fileEncoding = 4; lastKnownFileType = sourcecode.swift; path = ModalPresentationController.swift; sourceTree = "<group>"; };
		FEA886A227ADE9A400A0320B /* OptionTableViewController.swift */ = {isa = PBXFileReference; fileEncoding = 4; lastKnownFileType = sourcecode.swift; path = OptionTableViewController.swift; sourceTree = "<group>"; };
		FEA886A427ADEA3400A0320B /* BoxOfficeViewModel.swift */ = {isa = PBXFileReference; fileEncoding = 4; lastKnownFileType = sourcecode.swift; path = BoxOfficeViewModel.swift; sourceTree = "<group>"; };
		FEA886A627ADEA7A00A0320B /* Service.swift */ = {isa = PBXFileReference; fileEncoding = 4; lastKnownFileType = sourcecode.swift; path = Service.swift; sourceTree = "<group>"; };
		FEA886A827ADEC0000A0320B /* BoxOfficeViewController.swift */ = {isa = PBXFileReference; fileEncoding = 4; lastKnownFileType = sourcecode.swift; path = BoxOfficeViewController.swift; sourceTree = "<group>"; };
		FEA886AA27ADFE2000A0320B /* SearchMovieViewController.swift */ = {isa = PBXFileReference; fileEncoding = 4; lastKnownFileType = sourcecode.swift; path = SearchMovieViewController.swift; sourceTree = "<group>"; };
		FEA886AC27ADFEE400A0320B /* SearchMovieCell.swift */ = {isa = PBXFileReference; fileEncoding = 4; lastKnownFileType = sourcecode.swift; path = SearchMovieCell.swift; sourceTree = "<group>"; };
		FEA886AE27ADFEF300A0320B /* SearchMovieCell.xib */ = {isa = PBXFileReference; fileEncoding = 4; lastKnownFileType = file.xib; path = SearchMovieCell.xib; sourceTree = "<group>"; };
		FEA886B027AE005400A0320B /* MovieInfoViewModel.swift */ = {isa = PBXFileReference; lastKnownFileType = sourcecode.swift; path = MovieInfoViewModel.swift; sourceTree = "<group>"; };
		FEA886B427AFBC5E00A0320B /* MovieInfoViewController.swift */ = {isa = PBXFileReference; fileEncoding = 4; lastKnownFileType = sourcecode.swift; path = MovieInfoViewController.swift; sourceTree = "<group>"; };
		FEA886B627AFBD8C00A0320B /* MovieImageCell.xib */ = {isa = PBXFileReference; fileEncoding = 4; lastKnownFileType = file.xib; path = MovieImageCell.xib; sourceTree = "<group>"; };
		FEA886B827AFBD9B00A0320B /* MovieImageCell.swift */ = {isa = PBXFileReference; fileEncoding = 4; lastKnownFileType = sourcecode.swift; path = MovieImageCell.swift; sourceTree = "<group>"; };
		FEA886BA27AFC5F000A0320B /* ImageViewController.swift */ = {isa = PBXFileReference; fileEncoding = 4; lastKnownFileType = sourcecode.swift; path = ImageViewController.swift; sourceTree = "<group>"; };
		FEA886BE27AFC66C00A0320B /* ImageCollectionViewCell.swift */ = {isa = PBXFileReference; fileEncoding = 4; lastKnownFileType = sourcecode.swift; path = ImageCollectionViewCell.swift; sourceTree = "<group>"; };
		FEA886C027AFC8F200A0320B /* DownloadImage.swift */ = {isa = PBXFileReference; lastKnownFileType = sourcecode.swift; path = DownloadImage.swift; sourceTree = "<group>"; };
		FEA886C227AFF9B000A0320B /* DetailInfoCell.xib */ = {isa = PBXFileReference; fileEncoding = 4; lastKnownFileType = file.xib; path = DetailInfoCell.xib; sourceTree = "<group>"; };
		FEA886C427AFF9BE00A0320B /* DetailInfoCell.swift */ = {isa = PBXFileReference; fileEncoding = 4; lastKnownFileType = sourcecode.swift; path = DetailInfoCell.swift; sourceTree = "<group>"; };
		FEA886C627B004A400A0320B /* StaffsInfoCell.swift */ = {isa = PBXFileReference; fileEncoding = 4; lastKnownFileType = sourcecode.swift; path = StaffsInfoCell.swift; sourceTree = "<group>"; };
		FEA886C827B004C000A0320B /* StaffsInfoCell.xib */ = {isa = PBXFileReference; fileEncoding = 4; lastKnownFileType = file.xib; path = StaffsInfoCell.xib; sourceTree = "<group>"; };
		FEBF229327B26ACB00190D8F /* AccountViewController.swift */ = {isa = PBXFileReference; fileEncoding = 4; lastKnownFileType = sourcecode.swift; path = AccountViewController.swift; sourceTree = "<group>"; };
		FEBF229527B26BA100190D8F /* LoginViewController.swift */ = {isa = PBXFileReference; fileEncoding = 4; lastKnownFileType = sourcecode.swift; path = LoginViewController.swift; sourceTree = "<group>"; };
		FEBF229727B26C2600190D8F /* RegisterViewController.swift */ = {isa = PBXFileReference; fileEncoding = 4; lastKnownFileType = sourcecode.swift; path = RegisterViewController.swift; sourceTree = "<group>"; };
		FEE30BB827B39B8F0045D6AC /* GoogleService-Info.plist */ = {isa = PBXFileReference; fileEncoding = 4; lastKnownFileType = text.plist.xml; path = "GoogleService-Info.plist"; sourceTree = "<group>"; };
		FEF75EB927B008770022A1EE /* StaffsInfoTableViewController.swift */ = {isa = PBXFileReference; fileEncoding = 4; lastKnownFileType = sourcecode.swift; path = StaffsInfoTableViewController.swift; sourceTree = "<group>"; };
		FEF75EBF27B0E49E0022A1EE /* UserInteractionCell.xib */ = {isa = PBXFileReference; fileEncoding = 4; lastKnownFileType = file.xib; path = UserInteractionCell.xib; sourceTree = "<group>"; };
		FEF75EC127B0E4E20022A1EE /* UserInteractionCell.swift */ = {isa = PBXFileReference; fileEncoding = 4; lastKnownFileType = sourcecode.swift; path = UserInteractionCell.swift; sourceTree = "<group>"; };
		FEF75EC327B105D10022A1EE /* CommentHeadCell.xib */ = {isa = PBXFileReference; fileEncoding = 4; lastKnownFileType = file.xib; path = CommentHeadCell.xib; sourceTree = "<group>"; };
		FEF75EC527B106B40022A1EE /* CommentHeadCell.swift */ = {isa = PBXFileReference; lastKnownFileType = sourcecode.swift; path = CommentHeadCell.swift; sourceTree = "<group>"; };
		FEF75EC727B109BE0022A1EE /* CommentCell.xib */ = {isa = PBXFileReference; fileEncoding = 4; lastKnownFileType = file.xib; path = CommentCell.xib; sourceTree = "<group>"; };
		FEF75EC927B109CD0022A1EE /* CommentCell.swift */ = {isa = PBXFileReference; fileEncoding = 4; lastKnownFileType = sourcecode.swift; path = CommentCell.swift; sourceTree = "<group>"; };
		FEF75ECB27B118A30022A1EE /* AddCommentViewController.swift */ = {isa = PBXFileReference; fileEncoding = 4; lastKnownFileType = sourcecode.swift; path = AddCommentViewController.swift; sourceTree = "<group>"; };
		FEF75ECD27B160F10022A1EE /* RatingUISlider.swift */ = {isa = PBXFileReference; fileEncoding = 4; lastKnownFileType = sourcecode.swift; path = RatingUISlider.swift; sourceTree = "<group>"; };
		FEF75ECF27B1656E0022A1EE /* FirebaseViewModel.swift */ = {isa = PBXFileReference; lastKnownFileType = sourcecode.swift; path = FirebaseViewModel.swift; sourceTree = "<group>"; };
/* End PBXFileReference section */

/* Begin PBXFrameworksBuildPhase section */
		FE7C442D27AB55BE00AA33AC /* Frameworks */ = {
			isa = PBXFrameworksBuildPhase;
			buildActionMask = 2147483647;
			files = (
				CD3518A6598550536DFC6490 /* Pods_MovieRanking.framework in Frameworks */,
			);
			runOnlyForDeploymentPostprocessing = 0;
		};
/* End PBXFrameworksBuildPhase section */

/* Begin PBXGroup section */
		0AEF159A777C998AABADADC5 /* Pods */ = {
			isa = PBXGroup;
			children = (
				19E1B200AA121543348AD841 /* Pods-MovieRanking.debug.xcconfig */,
				AE3D0A4C64A9D1C47C863481 /* Pods-MovieRanking.release.xcconfig */,
			);
			path = Pods;
			sourceTree = "<group>";
		};
		5C36BB3F0167146E82D2ED2F /* Frameworks */ = {
			isa = PBXGroup;
			children = (
				35B1B627EB99A6C1F6C49055 /* Pods_MovieRanking.framework */,
			);
			name = Frameworks;
			sourceTree = "<group>";
		};
		FE7C442727AB55BE00AA33AC = {
			isa = PBXGroup;
			children = (
				FE7C443227AB55BE00AA33AC /* MovieRanking */,
				FE7C443127AB55BE00AA33AC /* Products */,
				0AEF159A777C998AABADADC5 /* Pods */,
				5C36BB3F0167146E82D2ED2F /* Frameworks */,
			);
			sourceTree = "<group>";
		};
		FE7C443127AB55BE00AA33AC /* Products */ = {
			isa = PBXGroup;
			children = (
				FE7C443027AB55BE00AA33AC /* MovieRanking.app */,
			);
			name = Products;
			sourceTree = "<group>";
		};
		FE7C443227AB55BE00AA33AC /* MovieRanking */ = {
			isa = PBXGroup;
			children = (
				FE7C444127AB55BF00AA33AC /* Info.plist */,
				FEE30BB827B39B8F0045D6AC /* GoogleService-Info.plist */,
				FE7C445127AB5ABB00AA33AC /* Private.swift */,
				FEA8869327ACF20700A0320B /* Resource */,
				FE7C444E27AB59FD00AA33AC /* App */,
				FE7C444927AB58CB00AA33AC /* Entity */,
				FE7C444A27AB58F500AA33AC /* Repository */,
				FE7C444B27AB590C00AA33AC /* Model */,
				FE7C444C27AB591E00AA33AC /* Service */,
				FE7C445927AB5C3A00AA33AC /* ViewModel */,
				FE7C444827AB588700AA33AC /* ViewController */,
				FE7C444D27AB59A100AA33AC /* ViewCell */,
				FEA8869F27ADE97300A0320B /* CustomView */,
				FE7C445C27AB5E9000AA33AC /* Utils */,
			);
			path = MovieRanking;
			sourceTree = "<group>";
		};
		FE7C444827AB588700AA33AC /* ViewController */ = {
			isa = PBXGroup;
			children = (
				FEA886A827ADEC0000A0320B /* BoxOfficeViewController.swift */,
				FEA886A227ADE9A400A0320B /* OptionTableViewController.swift */,
				FEA886AA27ADFE2000A0320B /* SearchMovieViewController.swift */,
				FEA886B427AFBC5E00A0320B /* MovieInfoViewController.swift */,
				FEA886BA27AFC5F000A0320B /* ImageViewController.swift */,
				FEF75EB927B008770022A1EE /* StaffsInfoTableViewController.swift */,
				FEF75ECB27B118A30022A1EE /* AddCommentViewController.swift */,
				FEBF229327B26ACB00190D8F /* AccountViewController.swift */,
				FEBF229527B26BA100190D8F /* LoginViewController.swift */,
				FEBF229727B26C2600190D8F /* RegisterViewController.swift */,
				FEA4785227B887A300F04338 /* StorageViewController.swift */,
			);
			path = ViewController;
			sourceTree = "<group>";
		};
		FE7C444927AB58CB00AA33AC /* Entity */ = {
			isa = PBXGroup;
			children = (
				FE7C445327AB5AEC00AA33AC /* K.swift */,
				FE7C446127AB623400AA33AC /* DailyBoxOfficeModel.swift */,
				FE7C446327AB623900AA33AC /* WeeklyBoxOfficeModel.swift */,
				FE7C446527AB623F00AA33AC /* MovieInformationModel.swift */,
				FE49A84127B8FE0100C178A4 /* FBCommentModel.swift */,
				FE49A84527B934E700C178A4 /* FBCurrentUserCommentModel.swift */,
				FE49A84927B945D200C178A4 /* FBWishToWatchModel.swift */,
			);
			path = Entity;
			sourceTree = "<group>";
		};
		FE7C444A27AB58F500AA33AC /* Repository */ = {
			isa = PBXGroup;
			children = (
				FEA8868B27AB9D3600A0320B /* ApiService.swift */,
			);
			path = Repository;
			sourceTree = "<group>";
		};
		FE7C444B27AB590C00AA33AC /* Model */ = {
			isa = PBXGroup;
			children = (
				FE7C445A27AB5CFB00AA33AC /* BoxOfficeListModel.swift */,
				FEA8868F27ABBBC600A0320B /* MovieInfoListModel.swift */,
				FE49A83F27B8F35500C178A4 /* CommentListModel.swift */,
				FE49A84727B935EB00C178A4 /* CurrentUserCommentListModel.swift */,
				FE49A84B27B9470700C178A4 /* WishToWatchListModel.swift */,
			);
			path = Model;
			sourceTree = "<group>";
		};
		FE7C444C27AB591E00AA33AC /* Service */ = {
			isa = PBXGroup;
			children = (
				FEA886A627ADEA7A00A0320B /* Service.swift */,
				FE49A84327B902AA00C178A4 /* FirebaseService.swift */,
			);
			path = Service;
			sourceTree = "<group>";
		};
		FE7C444D27AB59A100AA33AC /* ViewCell */ = {
			isa = PBXGroup;
			children = (
				FE7C445727AB5BBB00AA33AC /* BoxOfficeCell.swift */,
				FEA886AC27ADFEE400A0320B /* SearchMovieCell.swift */,
				FEA886B827AFBD9B00A0320B /* MovieImageCell.swift */,
				FEA886BE27AFC66C00A0320B /* ImageCollectionViewCell.swift */,
				FE430A8E27B50BE1004AF8EE /* RatingStarsCell.swift */,
				FEF75EC127B0E4E20022A1EE /* UserInteractionCell.swift */,
				FEA886C427AFF9BE00A0320B /* DetailInfoCell.swift */,
				FEA886C627B004A400A0320B /* StaffsInfoCell.swift */,
				FEF75EC527B106B40022A1EE /* CommentHeadCell.swift */,
				FEF75EC927B109CD0022A1EE /* CommentCell.swift */,
				FEA4785627B88CFD00F04338 /* StorageCell.swift */,
			);
			path = ViewCell;
			sourceTree = "<group>";
		};
		FE7C444E27AB59FD00AA33AC /* App */ = {
			isa = PBXGroup;
			children = (
				FE7C443327AB55BE00AA33AC /* AppDelegate.swift */,
				FE7C443527AB55BE00AA33AC /* SceneDelegate.swift */,
			);
			path = App;
			sourceTree = "<group>";
		};
		FE7C445927AB5C3A00AA33AC /* ViewModel */ = {
			isa = PBXGroup;
			children = (
				FEA886A427ADEA3400A0320B /* BoxOfficeViewModel.swift */,
				FEA886B027AE005400A0320B /* MovieInfoViewModel.swift */,
				FEF75ECF27B1656E0022A1EE /* FirebaseViewModel.swift */,
			);
			path = ViewModel;
			sourceTree = "<group>";
		};
		FE7C445C27AB5E9000AA33AC /* Utils */ = {
			isa = PBXGroup;
			children = (
				FE7C445D27AB5EBB00AA33AC /* AlertService.swift */,
				FEA8868D27ABA21200A0320B /* Extensions.swift */,
				FEA886C027AFC8F200A0320B /* DownloadImage.swift */,
			);
			path = Utils;
			sourceTree = "<group>";
		};
		FEA8869327ACF20700A0320B /* Resource */ = {
			isa = PBXGroup;
			children = (
				FE7C443C27AB55BF00AA33AC /* Assets.xcassets */,
				FE7C443E27AB55BF00AA33AC /* LaunchScreen.storyboard */,
				FE7C443927AB55BE00AA33AC /* Main.storyboard */,
				FE7C445527AB5BB300AA33AC /* BoxOfficeCell.xib */,
				FEA886AE27ADFEF300A0320B /* SearchMovieCell.xib */,
				FEA886B627AFBD8C00A0320B /* MovieImageCell.xib */,
				FE430A8F27B50BE1004AF8EE /* RatingStarsCell.xib */,
				FEF75EBF27B0E49E0022A1EE /* UserInteractionCell.xib */,
				FEA886C227AFF9B000A0320B /* DetailInfoCell.xib */,
				FEA886C827B004C000A0320B /* StaffsInfoCell.xib */,
				FEF75EC327B105D10022A1EE /* CommentHeadCell.xib */,
				FEF75EC727B109BE0022A1EE /* CommentCell.xib */,
			);
			path = Resource;
			sourceTree = "<group>";
		};
		FEA8869F27ADE97300A0320B /* CustomView */ = {
			isa = PBXGroup;
			children = (
				FEA886A027ADE98D00A0320B /* ModalPresentationController.swift */,
				FEF75ECD27B160F10022A1EE /* RatingUISlider.swift */,
			);
			path = CustomView;
			sourceTree = "<group>";
		};
/* End PBXGroup section */

/* Begin PBXNativeTarget section */
		FE7C442F27AB55BE00AA33AC /* MovieRanking */ = {
			isa = PBXNativeTarget;
			buildConfigurationList = FE7C444427AB55BF00AA33AC /* Build configuration list for PBXNativeTarget "MovieRanking" */;
			buildPhases = (
				90264641D9C463D408BCF8B5 /* [CP] Check Pods Manifest.lock */,
				FE7C442C27AB55BE00AA33AC /* Sources */,
				FE7C442D27AB55BE00AA33AC /* Frameworks */,
				FE7C442E27AB55BE00AA33AC /* Resources */,
				68D54C9FDE0FC1E132DD9358 /* [CP] Embed Pods Frameworks */,
			);
			buildRules = (
			);
			dependencies = (
			);
			name = MovieRanking;
			productName = MovieRanking;
			productReference = FE7C443027AB55BE00AA33AC /* MovieRanking.app */;
			productType = "com.apple.product-type.application";
		};
/* End PBXNativeTarget section */

/* Begin PBXProject section */
		FE7C442827AB55BE00AA33AC /* Project object */ = {
			isa = PBXProject;
			attributes = {
				BuildIndependentTargetsInParallel = 1;
				LastSwiftUpdateCheck = 1320;
				LastUpgradeCheck = 1320;
				TargetAttributes = {
					FE7C442F27AB55BE00AA33AC = {
						CreatedOnToolsVersion = 13.2.1;
					};
				};
			};
			buildConfigurationList = FE7C442B27AB55BE00AA33AC /* Build configuration list for PBXProject "MovieRanking" */;
			compatibilityVersion = "Xcode 13.0";
			developmentRegion = en;
			hasScannedForEncodings = 0;
			knownRegions = (
				en,
				Base,
			);
			mainGroup = FE7C442727AB55BE00AA33AC;
			productRefGroup = FE7C443127AB55BE00AA33AC /* Products */;
			projectDirPath = "";
			projectRoot = "";
			targets = (
				FE7C442F27AB55BE00AA33AC /* MovieRanking */,
			);
		};
/* End PBXProject section */

/* Begin PBXResourcesBuildPhase section */
		FE7C442E27AB55BE00AA33AC /* Resources */ = {
			isa = PBXResourcesBuildPhase;
			buildActionMask = 2147483647;
			files = (
				FEF75EC027B0E49E0022A1EE /* UserInteractionCell.xib in Resources */,
				FE7C444027AB55BF00AA33AC /* LaunchScreen.storyboard in Resources */,
				FE430A9127B50BE1004AF8EE /* RatingStarsCell.xib in Resources */,
				FE7C443D27AB55BF00AA33AC /* Assets.xcassets in Resources */,
				FEA886C927B004C000A0320B /* StaffsInfoCell.xib in Resources */,
				FEA886B727AFBD8C00A0320B /* MovieImageCell.xib in Resources */,
				FEE30BB927B39B900045D6AC /* GoogleService-Info.plist in Resources */,
				FE7C443B27AB55BE00AA33AC /* Main.storyboard in Resources */,
				FEA886AF27ADFEF300A0320B /* SearchMovieCell.xib in Resources */,
				FEF75EC427B105D10022A1EE /* CommentHeadCell.xib in Resources */,
				FEF75EC827B109BE0022A1EE /* CommentCell.xib in Resources */,
				FE7C445627AB5BB300AA33AC /* BoxOfficeCell.xib in Resources */,
				FEA886C327AFF9B000A0320B /* DetailInfoCell.xib in Resources */,
			);
			runOnlyForDeploymentPostprocessing = 0;
		};
/* End PBXResourcesBuildPhase section */

/* Begin PBXShellScriptBuildPhase section */
		68D54C9FDE0FC1E132DD9358 /* [CP] Embed Pods Frameworks */ = {
			isa = PBXShellScriptBuildPhase;
			buildActionMask = 2147483647;
			files = (
			);
			inputFileListPaths = (
				"${PODS_ROOT}/Target Support Files/Pods-MovieRanking/Pods-MovieRanking-frameworks-${CONFIGURATION}-input-files.xcfilelist",
			);
			name = "[CP] Embed Pods Frameworks";
			outputFileListPaths = (
				"${PODS_ROOT}/Target Support Files/Pods-MovieRanking/Pods-MovieRanking-frameworks-${CONFIGURATION}-output-files.xcfilelist",
			);
			runOnlyForDeploymentPostprocessing = 0;
			shellPath = /bin/sh;
			shellScript = "\"${PODS_ROOT}/Target Support Files/Pods-MovieRanking/Pods-MovieRanking-frameworks.sh\"\n";
			showEnvVarsInLog = 0;
		};
		90264641D9C463D408BCF8B5 /* [CP] Check Pods Manifest.lock */ = {
			isa = PBXShellScriptBuildPhase;
			buildActionMask = 2147483647;
			files = (
			);
			inputFileListPaths = (
			);
			inputPaths = (
				"${PODS_PODFILE_DIR_PATH}/Podfile.lock",
				"${PODS_ROOT}/Manifest.lock",
			);
			name = "[CP] Check Pods Manifest.lock";
			outputFileListPaths = (
			);
			outputPaths = (
				"$(DERIVED_FILE_DIR)/Pods-MovieRanking-checkManifestLockResult.txt",
			);
			runOnlyForDeploymentPostprocessing = 0;
			shellPath = /bin/sh;
			shellScript = "diff \"${PODS_PODFILE_DIR_PATH}/Podfile.lock\" \"${PODS_ROOT}/Manifest.lock\" > /dev/null\nif [ $? != 0 ] ; then\n    # print error to STDERR\n    echo \"error: The sandbox is not in sync with the Podfile.lock. Run 'pod install' or update your CocoaPods installation.\" >&2\n    exit 1\nfi\n# This output is used by Xcode 'outputs' to avoid re-running this script phase.\necho \"SUCCESS\" > \"${SCRIPT_OUTPUT_FILE_0}\"\n";
			showEnvVarsInLog = 0;
		};
/* End PBXShellScriptBuildPhase section */

/* Begin PBXSourcesBuildPhase section */
		FE7C442C27AB55BE00AA33AC /* Sources */ = {
			isa = PBXSourcesBuildPhase;
			buildActionMask = 2147483647;
			files = (
				FE49A84827B935EB00C178A4 /* CurrentUserCommentListModel.swift in Sources */,
				FEBF229427B26ACB00190D8F /* AccountViewController.swift in Sources */,
				FE49A84027B8F35500C178A4 /* CommentListModel.swift in Sources */,
				FE7C445B27AB5CFB00AA33AC /* BoxOfficeListModel.swift in Sources */,
				FEA886BF27AFC66C00A0320B /* ImageCollectionViewCell.swift in Sources */,
				FEA886A127ADE98D00A0320B /* ModalPresentationController.swift in Sources */,
				FEBF229627B26BA100190D8F /* LoginViewController.swift in Sources */,
				FEA886C127AFC8F200A0320B /* DownloadImage.swift in Sources */,
				FEA886AD27ADFEE400A0320B /* SearchMovieCell.swift in Sources */,
				FEF75EC227B0E4E20022A1EE /* UserInteractionCell.swift in Sources */,
				FE7C445427AB5AEC00AA33AC /* K.swift in Sources */,
				FEA886C727B004A400A0320B /* StaffsInfoCell.swift in Sources */,
				FE7C443427AB55BE00AA33AC /* AppDelegate.swift in Sources */,
				FEA886A727ADEA7A00A0320B /* Service.swift in Sources */,
				FE7C445827AB5BBB00AA33AC /* BoxOfficeCell.swift in Sources */,
				FEF75EC627B106B40022A1EE /* CommentHeadCell.swift in Sources */,
				FEA8869027ABBBC600A0320B /* MovieInfoListModel.swift in Sources */,
				FEA4785327B887A300F04338 /* StorageViewController.swift in Sources */,
				FE7C443627AB55BE00AA33AC /* SceneDelegate.swift in Sources */,
				FEA886A927ADEC0000A0320B /* BoxOfficeViewController.swift in Sources */,
				FE430A9027B50BE1004AF8EE /* RatingStarsCell.swift in Sources */,
				FEF75ECE27B160F10022A1EE /* RatingUISlider.swift in Sources */,
				FEA886A327ADE9A400A0320B /* OptionTableViewController.swift in Sources */,
				FEA886B927AFBD9B00A0320B /* MovieImageCell.swift in Sources */,
				FE7C446227AB623400AA33AC /* DailyBoxOfficeModel.swift in Sources */,
				FE7C446627AB623F00AA33AC /* MovieInformationModel.swift in Sources */,
				FEA886A527ADEA3400A0320B /* BoxOfficeViewModel.swift in Sources */,
				FE49A84627B934E700C178A4 /* FBCurrentUserCommentModel.swift in Sources */,
				FE49A84227B8FE0100C178A4 /* FBCommentModel.swift in Sources */,
				FEA8868C27AB9D3600A0320B /* ApiService.swift in Sources */,
				FE7C445E27AB5EBB00AA33AC /* AlertService.swift in Sources */,
				FEF75ECC27B118A30022A1EE /* AddCommentViewController.swift in Sources */,
				FE49A84A27B945D200C178A4 /* FBWishToWatchModel.swift in Sources */,
				FE49A84427B902AA00C178A4 /* FirebaseService.swift in Sources */,
				FEA886B127AE005400A0320B /* MovieInfoViewModel.swift in Sources */,
				FE7C445227AB5ABB00AA33AC /* Private.swift in Sources */,
				FE7C446427AB623900AA33AC /* WeeklyBoxOfficeModel.swift in Sources */,
				FEA886AB27ADFE2000A0320B /* SearchMovieViewController.swift in Sources */,
				FEA8868E27ABA21200A0320B /* Extensions.swift in Sources */,
				FE49A84C27B9470700C178A4 /* WishToWatchListModel.swift in Sources */,
				FEA886BB27AFC5F000A0320B /* ImageViewController.swift in Sources */,
				FEA4785727B88CFD00F04338 /* StorageCell.swift in Sources */,
				FEA886C527AFF9BE00A0320B /* DetailInfoCell.swift in Sources */,
				FEA886B527AFBC5E00A0320B /* MovieInfoViewController.swift in Sources */,
				FEF75EBA27B008770022A1EE /* StaffsInfoTableViewController.swift in Sources */,
				FEBF229827B26C2600190D8F /* RegisterViewController.swift in Sources */,
				FEF75ED027B1656E0022A1EE /* FirebaseViewModel.swift in Sources */,
				FEF75ECA27B109CD0022A1EE /* CommentCell.swift in Sources */,
			);
			runOnlyForDeploymentPostprocessing = 0;
		};
/* End PBXSourcesBuildPhase section */

/* Begin PBXVariantGroup section */
		FE7C443927AB55BE00AA33AC /* Main.storyboard */ = {
			isa = PBXVariantGroup;
			children = (
				FE7C443A27AB55BE00AA33AC /* Base */,
			);
			name = Main.storyboard;
			sourceTree = "<group>";
		};
		FE7C443E27AB55BF00AA33AC /* LaunchScreen.storyboard */ = {
			isa = PBXVariantGroup;
			children = (
				FE7C443F27AB55BF00AA33AC /* Base */,
			);
			name = LaunchScreen.storyboard;
			sourceTree = "<group>";
		};
/* End PBXVariantGroup section */

/* Begin XCBuildConfiguration section */
		FE7C444227AB55BF00AA33AC /* Debug */ = {
			isa = XCBuildConfiguration;
			buildSettings = {
				ALWAYS_SEARCH_USER_PATHS = NO;
				CLANG_ANALYZER_NONNULL = YES;
				CLANG_ANALYZER_NUMBER_OBJECT_CONVERSION = YES_AGGRESSIVE;
				CLANG_CXX_LANGUAGE_STANDARD = "gnu++17";
				CLANG_CXX_LIBRARY = "libc++";
				CLANG_ENABLE_MODULES = YES;
				CLANG_ENABLE_OBJC_ARC = YES;
				CLANG_ENABLE_OBJC_WEAK = YES;
				CLANG_WARN_BLOCK_CAPTURE_AUTORELEASING = YES;
				CLANG_WARN_BOOL_CONVERSION = YES;
				CLANG_WARN_COMMA = YES;
				CLANG_WARN_CONSTANT_CONVERSION = YES;
				CLANG_WARN_DEPRECATED_OBJC_IMPLEMENTATIONS = YES;
				CLANG_WARN_DIRECT_OBJC_ISA_USAGE = YES_ERROR;
				CLANG_WARN_DOCUMENTATION_COMMENTS = YES;
				CLANG_WARN_EMPTY_BODY = YES;
				CLANG_WARN_ENUM_CONVERSION = YES;
				CLANG_WARN_INFINITE_RECURSION = YES;
				CLANG_WARN_INT_CONVERSION = YES;
				CLANG_WARN_NON_LITERAL_NULL_CONVERSION = YES;
				CLANG_WARN_OBJC_IMPLICIT_RETAIN_SELF = YES;
				CLANG_WARN_OBJC_LITERAL_CONVERSION = YES;
				CLANG_WARN_OBJC_ROOT_CLASS = YES_ERROR;
				CLANG_WARN_QUOTED_INCLUDE_IN_FRAMEWORK_HEADER = YES;
				CLANG_WARN_RANGE_LOOP_ANALYSIS = YES;
				CLANG_WARN_STRICT_PROTOTYPES = YES;
				CLANG_WARN_SUSPICIOUS_MOVE = YES;
				CLANG_WARN_UNGUARDED_AVAILABILITY = YES_AGGRESSIVE;
				CLANG_WARN_UNREACHABLE_CODE = YES;
				CLANG_WARN__DUPLICATE_METHOD_MATCH = YES;
				COPY_PHASE_STRIP = NO;
				DEBUG_INFORMATION_FORMAT = dwarf;
				ENABLE_STRICT_OBJC_MSGSEND = YES;
				ENABLE_TESTABILITY = YES;
				GCC_C_LANGUAGE_STANDARD = gnu11;
				GCC_DYNAMIC_NO_PIC = NO;
				GCC_NO_COMMON_BLOCKS = YES;
				GCC_OPTIMIZATION_LEVEL = 0;
				GCC_PREPROCESSOR_DEFINITIONS = (
					"DEBUG=1",
					"$(inherited)",
				);
				GCC_WARN_64_TO_32_BIT_CONVERSION = YES;
				GCC_WARN_ABOUT_RETURN_TYPE = YES_ERROR;
				GCC_WARN_UNDECLARED_SELECTOR = YES;
				GCC_WARN_UNINITIALIZED_AUTOS = YES_AGGRESSIVE;
				GCC_WARN_UNUSED_FUNCTION = YES;
				GCC_WARN_UNUSED_VARIABLE = YES;
				IPHONEOS_DEPLOYMENT_TARGET = 13.0;
				MTL_ENABLE_DEBUG_INFO = INCLUDE_SOURCE;
				MTL_FAST_MATH = YES;
				ONLY_ACTIVE_ARCH = YES;
				SDKROOT = iphoneos;
				SWIFT_ACTIVE_COMPILATION_CONDITIONS = DEBUG;
				SWIFT_OPTIMIZATION_LEVEL = "-Onone";
			};
			name = Debug;
		};
		FE7C444327AB55BF00AA33AC /* Release */ = {
			isa = XCBuildConfiguration;
			buildSettings = {
				ALWAYS_SEARCH_USER_PATHS = NO;
				CLANG_ANALYZER_NONNULL = YES;
				CLANG_ANALYZER_NUMBER_OBJECT_CONVERSION = YES_AGGRESSIVE;
				CLANG_CXX_LANGUAGE_STANDARD = "gnu++17";
				CLANG_CXX_LIBRARY = "libc++";
				CLANG_ENABLE_MODULES = YES;
				CLANG_ENABLE_OBJC_ARC = YES;
				CLANG_ENABLE_OBJC_WEAK = YES;
				CLANG_WARN_BLOCK_CAPTURE_AUTORELEASING = YES;
				CLANG_WARN_BOOL_CONVERSION = YES;
				CLANG_WARN_COMMA = YES;
				CLANG_WARN_CONSTANT_CONVERSION = YES;
				CLANG_WARN_DEPRECATED_OBJC_IMPLEMENTATIONS = YES;
				CLANG_WARN_DIRECT_OBJC_ISA_USAGE = YES_ERROR;
				CLANG_WARN_DOCUMENTATION_COMMENTS = YES;
				CLANG_WARN_EMPTY_BODY = YES;
				CLANG_WARN_ENUM_CONVERSION = YES;
				CLANG_WARN_INFINITE_RECURSION = YES;
				CLANG_WARN_INT_CONVERSION = YES;
				CLANG_WARN_NON_LITERAL_NULL_CONVERSION = YES;
				CLANG_WARN_OBJC_IMPLICIT_RETAIN_SELF = YES;
				CLANG_WARN_OBJC_LITERAL_CONVERSION = YES;
				CLANG_WARN_OBJC_ROOT_CLASS = YES_ERROR;
				CLANG_WARN_QUOTED_INCLUDE_IN_FRAMEWORK_HEADER = YES;
				CLANG_WARN_RANGE_LOOP_ANALYSIS = YES;
				CLANG_WARN_STRICT_PROTOTYPES = YES;
				CLANG_WARN_SUSPICIOUS_MOVE = YES;
				CLANG_WARN_UNGUARDED_AVAILABILITY = YES_AGGRESSIVE;
				CLANG_WARN_UNREACHABLE_CODE = YES;
				CLANG_WARN__DUPLICATE_METHOD_MATCH = YES;
				COPY_PHASE_STRIP = NO;
				DEBUG_INFORMATION_FORMAT = "dwarf-with-dsym";
				ENABLE_NS_ASSERTIONS = NO;
				ENABLE_STRICT_OBJC_MSGSEND = YES;
				GCC_C_LANGUAGE_STANDARD = gnu11;
				GCC_NO_COMMON_BLOCKS = YES;
				GCC_WARN_64_TO_32_BIT_CONVERSION = YES;
				GCC_WARN_ABOUT_RETURN_TYPE = YES_ERROR;
				GCC_WARN_UNDECLARED_SELECTOR = YES;
				GCC_WARN_UNINITIALIZED_AUTOS = YES_AGGRESSIVE;
				GCC_WARN_UNUSED_FUNCTION = YES;
				GCC_WARN_UNUSED_VARIABLE = YES;
				IPHONEOS_DEPLOYMENT_TARGET = 13.0;
				MTL_ENABLE_DEBUG_INFO = NO;
				MTL_FAST_MATH = YES;
				SDKROOT = iphoneos;
				SWIFT_COMPILATION_MODE = wholemodule;
				SWIFT_OPTIMIZATION_LEVEL = "-O";
				VALIDATE_PRODUCT = YES;
			};
			name = Release;
		};
		FE7C444527AB55BF00AA33AC /* Debug */ = {
			isa = XCBuildConfiguration;
			baseConfigurationReference = 19E1B200AA121543348AD841 /* Pods-MovieRanking.debug.xcconfig */;
			buildSettings = {
				ASSETCATALOG_COMPILER_APPICON_NAME = AppIcon;
				ASSETCATALOG_COMPILER_GLOBAL_ACCENT_COLOR_NAME = AccentColor;
				CODE_SIGN_STYLE = Automatic;
				CURRENT_PROJECT_VERSION = 1;
				DEVELOPMENT_TEAM = 7NYS62N9WB;
				GENERATE_INFOPLIST_FILE = YES;
				INFOPLIST_FILE = MovieRanking/Info.plist;
				INFOPLIST_KEY_CFBundleDisplayName = "Movie ranKing";
				INFOPLIST_KEY_NSPhotoLibraryAddUsageDescription = "사진을 저장하기 위해서 권한이 필요합니다.";
				INFOPLIST_KEY_UIApplicationSupportsIndirectInputEvents = YES;
				INFOPLIST_KEY_UILaunchStoryboardName = LaunchScreen;
				INFOPLIST_KEY_UIMainStoryboardFile = Main;
				INFOPLIST_KEY_UISupportedInterfaceOrientations_iPad = "UIInterfaceOrientationPortrait UIInterfaceOrientationPortraitUpsideDown UIInterfaceOrientationLandscapeLeft UIInterfaceOrientationLandscapeRight";
				INFOPLIST_KEY_UISupportedInterfaceOrientations_iPhone = "UIInterfaceOrientationPortrait UIInterfaceOrientationLandscapeLeft UIInterfaceOrientationLandscapeRight";
				LD_RUNPATH_SEARCH_PATHS = (
					"$(inherited)",
					"@executable_path/Frameworks",
				);
				MARKETING_VERSION = 1.0;
				PRODUCT_BUNDLE_IDENTIFIER = com.otter618.MovieRanking;
				PRODUCT_NAME = "$(TARGET_NAME)";
				SWIFT_EMIT_LOC_STRINGS = YES;
				SWIFT_VERSION = 5.0;
				TARGETED_DEVICE_FAMILY = "1,2";
			};
			name = Debug;
		};
		FE7C444627AB55BF00AA33AC /* Release */ = {
			isa = XCBuildConfiguration;
			baseConfigurationReference = AE3D0A4C64A9D1C47C863481 /* Pods-MovieRanking.release.xcconfig */;
			buildSettings = {
				ASSETCATALOG_COMPILER_APPICON_NAME = AppIcon;
				ASSETCATALOG_COMPILER_GLOBAL_ACCENT_COLOR_NAME = AccentColor;
				CODE_SIGN_STYLE = Automatic;
				CURRENT_PROJECT_VERSION = 1;
				DEVELOPMENT_TEAM = 7NYS62N9WB;
				GENERATE_INFOPLIST_FILE = YES;
				INFOPLIST_FILE = MovieRanking/Info.plist;
				INFOPLIST_KEY_CFBundleDisplayName = "Movie ranKing";
				INFOPLIST_KEY_NSPhotoLibraryAddUsageDescription = "사진을 저장하기 위해서 권한이 필요합니다.";
				INFOPLIST_KEY_UIApplicationSupportsIndirectInputEvents = YES;
				INFOPLIST_KEY_UILaunchStoryboardName = LaunchScreen;
				INFOPLIST_KEY_UIMainStoryboardFile = Main;
				INFOPLIST_KEY_UISupportedInterfaceOrientations_iPad = "UIInterfaceOrientationPortrait UIInterfaceOrientationPortraitUpsideDown UIInterfaceOrientationLandscapeLeft UIInterfaceOrientationLandscapeRight";
				INFOPLIST_KEY_UISupportedInterfaceOrientations_iPhone = "UIInterfaceOrientationPortrait UIInterfaceOrientationLandscapeLeft UIInterfaceOrientationLandscapeRight";
				LD_RUNPATH_SEARCH_PATHS = (
					"$(inherited)",
					"@executable_path/Frameworks",
				);
				MARKETING_VERSION = 1.0;
				PRODUCT_BUNDLE_IDENTIFIER = com.otter618.MovieRanking;
				PRODUCT_NAME = "$(TARGET_NAME)";
				SWIFT_EMIT_LOC_STRINGS = YES;
				SWIFT_VERSION = 5.0;
				TARGETED_DEVICE_FAMILY = "1,2";
			};
			name = Release;
		};
/* End XCBuildConfiguration section */

/* Begin XCConfigurationList section */
		FE7C442B27AB55BE00AA33AC /* Build configuration list for PBXProject "MovieRanking" */ = {
			isa = XCConfigurationList;
			buildConfigurations = (
				FE7C444227AB55BF00AA33AC /* Debug */,
				FE7C444327AB55BF00AA33AC /* Release */,
			);
			defaultConfigurationIsVisible = 0;
			defaultConfigurationName = Release;
		};
		FE7C444427AB55BF00AA33AC /* Build configuration list for PBXNativeTarget "MovieRanking" */ = {
			isa = XCConfigurationList;
			buildConfigurations = (
				FE7C444527AB55BF00AA33AC /* Debug */,
				FE7C444627AB55BF00AA33AC /* Release */,
			);
			defaultConfigurationIsVisible = 0;
			defaultConfigurationName = Release;
		};
/* End XCConfigurationList section */
	};
	rootObject = FE7C442827AB55BE00AA33AC /* Project object */;
}
